{
  "meteor": {},
  "dependencies": {
    "basePackages": {
      "iron-router": {},
      "stylus-multi": {},
      "meteor-errors": {},
      "errors": {},
      "moment": {},
      "i18n-easy": {}
    },
    "packages": {
      "iron-router": {
        "git": "https://github.com/EventedMind/iron-router.git",
        "tag": "v0.7.1",
        "commit": "d1ffb3f06ea4c112132b030f2eb1a70b81675ecb"
      },
      "stylus-multi": {
        "git": "https://github.com/furrio/meteor-stylus-multi.git",
        "tag": "v0.0.2",
        "commit": "f9a3e832f43edfda74d845fce6007725f5e05a5f"
      },
      "meteor-errors": {
        "git": "https://github.com/tmeasday/meteor-errors.git",
        "tag": "v0.1.0",
        "commit": "b91859cd98d69f5b294d7d7a2724427872103da8"
      },
      "errors": {
        "git": "https://github.com/tmeasday/meteor-errors.git",
        "tag": "v0.2.1",
        "commit": "f2af03510a9e3d9952601f5f091aa76bfbcbf224"
      },
      "moment": {
        "git": "https://github.com/acreeger/meteor-moment.git",
        "tag": "v2.6.0",
        "commit": "26156df681750fd6e6ed77043eef32b6653ebbdf"
      },
      "i18n-easy": {
        "git": "https://github.com/janouma/i18n-easy.git",
        "tag": "v0.1.5",
        "commit": "324e522746a0823466b948dedbc13b2cb083ea64"
      },
      "blaze-layout": {
        "git": "https://github.com/EventedMind/blaze-layout.git",
        "tag": "v0.2.4",
        "commit": "b40e9b0612329288d75cf52ad14a7da64bb8618f"
      }
    }
  }
}
